
Microsoft Visual Studio Solution File, Format Version 12.00
# Visual Studio 2013
VisualStudioVersion = 12.0.30501.0
MinimumVisualStudioVersion = 10.0.40219.1
Project("{FAE04EC0-301F-11D3-BF4B-00C04F79EFBC}") = "CloudScale.Web", "CloudScale.Web\CloudScale.Web.csproj", "{1BC6F853-ED36-45A0-A703-FB6CEC29E093}"
EndProject
Project("{FAE04EC0-301F-11D3-BF4B-00C04F79EFBC}") = "CloudScale.Api", "CloudScale.Api\CloudScale.Api.csproj", "{5412F3A5-89EE-43B4-B671-8C0F82A4C53A}"
EndProject
Project("{FAE04EC0-301F-11D3-BF4B-00C04F79EFBC}") = "CloudScale.Core", "CloudScale.Core\CloudScale.Core.csproj", "{18B3A40F-079E-4616-8950-0590F5CA2A5D}"
EndProject
Project("{2150E333-8FDC-42A3-9474-1A3956D46DE8}") = ".nuget", ".nuget", "{AC9F2C5C-CC55-4564-9A56-8489847C4FA1}"
	ProjectSection(SolutionItems) = preProject
		.nuget\NuGet.Config = .nuget\NuGet.Config
		.nuget\NuGet.exe = .nuget\NuGet.exe
		.nuget\NuGet.targets = .nuget\NuGet.targets
	EndProjectSection
EndProject
Project("{2150E333-8FDC-42A3-9474-1A3956D46DE8}") = ".data", ".data", "{E7DF7DD7-BCBE-431C-9895-F9A1F84CA756}"
	ProjectSection(SolutionItems) = preProject
		MoviesForThomas.txt = MoviesForThomas.txt
	EndProjectSection
EndProject
Project("{2150E333-8FDC-42A3-9474-1A3956D46DE8}") = "Data", "Data", "{28706720-65E7-4109-906E-51F856D796EE}"
EndProject
Project("{FAE04EC0-301F-11D3-BF4B-00C04F79EFBC}") = "CloudScale.Movies.Messages", "CloudScale.Movies.Messages\CloudScale.Movies.Messages.csproj", "{47F5361C-E192-4505-94FA-C663FBC7E158}"
EndProject
Project("{FAE04EC0-301F-11D3-BF4B-00C04F79EFBC}") = "CloudScale.Movies.Models", "CloudScale.Movies.Models\CloudScale.Movies.Models.csproj", "{3524FC19-AF05-46B3-BF7E-9D72CA02A183}"
EndProject
Project("{CC5FD16D-436D-48AD-A40C-5A424C6E3E79}") = "CloudScale.Azure", "CloudScale.Azure\CloudScale.Azure.ccproj", "{8FCF8592-9951-4A6A-A271-48ABF300510F}"
EndProject
Project("{FAE04EC0-301F-11D3-BF4B-00C04F79EFBC}") = "CloudScale.Movies.DataService", "CloudScale.Movies.DataService\CloudScale.Movies.DataService.csproj", "{DB3B9FC5-B96A-448A-BC30-1D2DA71300AD}"
EndProject
Project("{FAE04EC0-301F-11D3-BF4B-00C04F79EFBC}") = "CloudScale.Movies.LookupService", "CloudScale.Movies.LookupService\CloudScale.Movies.LookupService.csproj", "{DF3E931D-2863-43C8-B229-6BFD402757F7}"
EndProject
Project("{2150E333-8FDC-42A3-9474-1A3956D46DE8}") = ".automation", ".automation", "{3C9B10ED-6AE2-415A-8FDE-F011B7BC9E29}"
	ProjectSection(SolutionItems) = preProject
		install.ps1 = install.ps1
	EndProjectSection
EndProject
Project("{FAE04EC0-301F-11D3-BF4B-00C04F79EFBC}") = "CloudScale.Movies.Simulator", "CloudScale.Movies.Simulator\CloudScale.Movies.Simulator.csproj", "{19B87DC8-AB09-43AD-AA4F-B420009BC920}"
EndProject
Project("{FAE04EC0-301F-11D3-BF4B-00C04F79EFBC}") = "CloudScale.SignalR", "CloudScale.SignalR\CloudScale.SignalR.csproj", "{5A9358CE-6CDE-4DF5-B77A-F26D67ED9229}"
EndProject
Project("{2150E333-8FDC-42A3-9474-1A3956D46DE8}") = "Web", "Web", "{9AA96AA2-65FF-4791-99F0-A5D69B5DFE49}"
EndProject
Project("{2150E333-8FDC-42A3-9474-1A3956D46DE8}") = ".tests", ".tests", "{271BE56C-DB99-409D-821A-F3E21E84EC0D}"
EndProject
Project("{FAE04EC0-301F-11D3-BF4B-00C04F79EFBC}") = "CloudScale.ConventionTests", "CloudScale.ConventionTests\CloudScale.ConventionTests.csproj", "{DB444398-B71D-43F0-9D9D-C611560F0BDD}"
EndProject
Project("{2150E333-8FDC-42A3-9474-1A3956D46DE8}") = ".config", ".config", "{3C5F838E-2FE6-4BFD-BFC7-304459ED83AD}"
EndProject
Project("{2150E333-8FDC-42A3-9474-1A3956D46DE8}") = "Core", "Core", "{41F2A5C6-FA19-43E4-9220-565C286BD3E8}"
EndProject
Project("{2150E333-8FDC-42A3-9474-1A3956D46DE8}") = "Azure", "Azure", "{FCED4813-F36E-4E7A-A426-58F19DDE948E}"
EndProject
Project("{CC5FD16D-436D-48AD-A40C-5A424C6E3E79}") = "CloudScale.Azure.DataService", "CloudScale.Azure.DataService\CloudScale.Azure.DataService.ccproj", "{ED877605-8D44-45C9-AB82-CC420165D484}"
EndProject
Project("{CC5FD16D-436D-48AD-A40C-5A424C6E3E79}") = "CloudScale.Azure.LookupService", "CloudScale.Azure.LookupService\CloudScale.Azure.LookupService.ccproj", "{EF5E1198-C7BB-4E72-9334-2DAD36241A57}"
EndProject
Project("{2150E333-8FDC-42A3-9474-1A3956D46DE8}") = "Services", "Services", "{44A5EC4F-5BD7-4A59-BF2A-115A5E5BB536}"
EndProject
Project("{2150E333-8FDC-42A3-9474-1A3956D46DE8}") = "Tools", "Tools", "{1D133B08-F2C6-44D4-8008-5973B2FC7FBA}"
EndProject
Global
	GlobalSection(SolutionConfigurationPlatforms) = preSolution
		Debug|Any CPU = Debug|Any CPU
		Release|Any CPU = Release|Any CPU
	EndGlobalSection
	GlobalSection(ProjectConfigurationPlatforms) = postSolution
		{1BC6F853-ED36-45A0-A703-FB6CEC29E093}.Debug|Any CPU.ActiveCfg = Debug|Any CPU
		{1BC6F853-ED36-45A0-A703-FB6CEC29E093}.Debug|Any CPU.Build.0 = Debug|Any CPU
		{1BC6F853-ED36-45A0-A703-FB6CEC29E093}.Release|Any CPU.ActiveCfg = Release|Any CPU
		{1BC6F853-ED36-45A0-A703-FB6CEC29E093}.Release|Any CPU.Build.0 = Release|Any CPU
		{5412F3A5-89EE-43B4-B671-8C0F82A4C53A}.Debug|Any CPU.ActiveCfg = Debug|Any CPU
		{5412F3A5-89EE-43B4-B671-8C0F82A4C53A}.Debug|Any CPU.Build.0 = Debug|Any CPU
		{5412F3A5-89EE-43B4-B671-8C0F82A4C53A}.Release|Any CPU.ActiveCfg = Release|Any CPU
		{5412F3A5-89EE-43B4-B671-8C0F82A4C53A}.Release|Any CPU.Build.0 = Release|Any CPU
		{18B3A40F-079E-4616-8950-0590F5CA2A5D}.Debug|Any CPU.ActiveCfg = Debug|Any CPU
		{18B3A40F-079E-4616-8950-0590F5CA2A5D}.Debug|Any CPU.Build.0 = Debug|Any CPU
		{18B3A40F-079E-4616-8950-0590F5CA2A5D}.Release|Any CPU.ActiveCfg = Release|Any CPU
		{18B3A40F-079E-4616-8950-0590F5CA2A5D}.Release|Any CPU.Build.0 = Release|Any CPU
		{47F5361C-E192-4505-94FA-C663FBC7E158}.Debug|Any CPU.ActiveCfg = Debug|Any CPU
		{47F5361C-E192-4505-94FA-C663FBC7E158}.Debug|Any CPU.Build.0 = Debug|Any CPU
		{47F5361C-E192-4505-94FA-C663FBC7E158}.Release|Any CPU.ActiveCfg = Release|Any CPU
		{47F5361C-E192-4505-94FA-C663FBC7E158}.Release|Any CPU.Build.0 = Release|Any CPU
		{3524FC19-AF05-46B3-BF7E-9D72CA02A183}.Debug|Any CPU.ActiveCfg = Debug|Any CPU
		{3524FC19-AF05-46B3-BF7E-9D72CA02A183}.Debug|Any CPU.Build.0 = Debug|Any CPU
		{3524FC19-AF05-46B3-BF7E-9D72CA02A183}.Release|Any CPU.ActiveCfg = Release|Any CPU
		{3524FC19-AF05-46B3-BF7E-9D72CA02A183}.Release|Any CPU.Build.0 = Release|Any CPU
		{8FCF8592-9951-4A6A-A271-48ABF300510F}.Debug|Any CPU.ActiveCfg = Debug|Any CPU
		{8FCF8592-9951-4A6A-A271-48ABF300510F}.Debug|Any CPU.Build.0 = Debug|Any CPU
		{8FCF8592-9951-4A6A-A271-48ABF300510F}.Release|Any CPU.ActiveCfg = Release|Any CPU
		{8FCF8592-9951-4A6A-A271-48ABF300510F}.Release|Any CPU.Build.0 = Release|Any CPU
		{DB3B9FC5-B96A-448A-BC30-1D2DA71300AD}.Debug|Any CPU.ActiveCfg = Debug|Any CPU
		{DB3B9FC5-B96A-448A-BC30-1D2DA71300AD}.Debug|Any CPU.Build.0 = Debug|Any CPU
		{DB3B9FC5-B96A-448A-BC30-1D2DA71300AD}.Release|Any CPU.ActiveCfg = Release|Any CPU
		{DB3B9FC5-B96A-448A-BC30-1D2DA71300AD}.Release|Any CPU.Build.0 = Release|Any CPU
		{DF3E931D-2863-43C8-B229-6BFD402757F7}.Debug|Any CPU.ActiveCfg = Debug|Any CPU
		{DF3E931D-2863-43C8-B229-6BFD402757F7}.Debug|Any CPU.Build.0 = Debug|Any CPU
		{DF3E931D-2863-43C8-B229-6BFD402757F7}.Release|Any CPU.ActiveCfg = Release|Any CPU
		{DF3E931D-2863-43C8-B229-6BFD402757F7}.Release|Any CPU.Build.0 = Release|Any CPU
		{19B87DC8-AB09-43AD-AA4F-B420009BC920}.Debug|Any CPU.ActiveCfg = Debug|Any CPU
		{19B87DC8-AB09-43AD-AA4F-B420009BC920}.Debug|Any CPU.Build.0 = Debug|Any CPU
		{19B87DC8-AB09-43AD-AA4F-B420009BC920}.Release|Any CPU.ActiveCfg = Release|Any CPU
		{19B87DC8-AB09-43AD-AA4F-B420009BC920}.Release|Any CPU.Build.0 = Release|Any CPU
		{5A9358CE-6CDE-4DF5-B77A-F26D67ED9229}.Debug|Any CPU.ActiveCfg = Debug|Any CPU
		{5A9358CE-6CDE-4DF5-B77A-F26D67ED9229}.Debug|Any CPU.Build.0 = Debug|Any CPU
		{5A9358CE-6CDE-4DF5-B77A-F26D67ED9229}.Release|Any CPU.ActiveCfg = Release|Any CPU
		{5A9358CE-6CDE-4DF5-B77A-F26D67ED9229}.Release|Any CPU.Build.0 = Release|Any CPU
		{DB444398-B71D-43F0-9D9D-C611560F0BDD}.Debug|Any CPU.ActiveCfg = Debug|Any CPU
		{DB444398-B71D-43F0-9D9D-C611560F0BDD}.Debug|Any CPU.Build.0 = Debug|Any CPU
		{DB444398-B71D-43F0-9D9D-C611560F0BDD}.Release|Any CPU.ActiveCfg = Release|Any CPU
		{DB444398-B71D-43F0-9D9D-C611560F0BDD}.Release|Any CPU.Build.0 = Release|Any CPU
		{ED877605-8D44-45C9-AB82-CC420165D484}.Debug|Any CPU.ActiveCfg = Debug|Any CPU
		{ED877605-8D44-45C9-AB82-CC420165D484}.Debug|Any CPU.Build.0 = Debug|Any CPU
		{ED877605-8D44-45C9-AB82-CC420165D484}.Release|Any CPU.ActiveCfg = Release|Any CPU
		{ED877605-8D44-45C9-AB82-CC420165D484}.Release|Any CPU.Build.0 = Release|Any CPU
		{EF5E1198-C7BB-4E72-9334-2DAD36241A57}.Debug|Any CPU.ActiveCfg = Debug|Any CPU
		{EF5E1198-C7BB-4E72-9334-2DAD36241A57}.Debug|Any CPU.Build.0 = Debug|Any CPU
		{EF5E1198-C7BB-4E72-9334-2DAD36241A57}.Release|Any CPU.ActiveCfg = Release|Any CPU
		{EF5E1198-C7BB-4E72-9334-2DAD36241A57}.Release|Any CPU.Build.0 = Release|Any CPU
	EndGlobalSection
	GlobalSection(SolutionProperties) = preSolution
		HideSolutionNode = FALSE
	EndGlobalSection
	GlobalSection(NestedProjects) = preSolution
		{1BC6F853-ED36-45A0-A703-FB6CEC29E093} = {9AA96AA2-65FF-4791-99F0-A5D69B5DFE49}
		{5412F3A5-89EE-43B4-B671-8C0F82A4C53A} = {9AA96AA2-65FF-4791-99F0-A5D69B5DFE49}
		{18B3A40F-079E-4616-8950-0590F5CA2A5D} = {41F2A5C6-FA19-43E4-9220-565C286BD3E8}
		{47F5361C-E192-4505-94FA-C663FBC7E158} = {28706720-65E7-4109-906E-51F856D796EE}
		{3524FC19-AF05-46B3-BF7E-9D72CA02A183} = {28706720-65E7-4109-906E-51F856D796EE}
		{8FCF8592-9951-4A6A-A271-48ABF300510F} = {FCED4813-F36E-4E7A-A426-58F19DDE948E}
		{DB3B9FC5-B96A-448A-BC30-1D2DA71300AD} = {44A5EC4F-5BD7-4A59-BF2A-115A5E5BB536}
		{DF3E931D-2863-43C8-B229-6BFD402757F7} = {44A5EC4F-5BD7-4A59-BF2A-115A5E5BB536}
		{19B87DC8-AB09-43AD-AA4F-B420009BC920} = {1D133B08-F2C6-44D4-8008-5973B2FC7FBA}
		{5A9358CE-6CDE-4DF5-B77A-F26D67ED9229} = {9AA96AA2-65FF-4791-99F0-A5D69B5DFE49}
		{DB444398-B71D-43F0-9D9D-C611560F0BDD} = {271BE56C-DB99-409D-821A-F3E21E84EC0D}
		{ED877605-8D44-45C9-AB82-CC420165D484} = {FCED4813-F36E-4E7A-A426-58F19DDE948E}
		{EF5E1198-C7BB-4E72-9334-2DAD36241A57} = {FCED4813-F36E-4E7A-A426-58F19DDE948E}
	EndGlobalSection
EndGlobal
